{
    "moodle-5.2.tgz": "48f0f521375006be84c227e6a595313ebcc9dc55455499b5150dcfe865782cfe",
    "mod_unilabel_moodle52_2025042300.zip": "3a8eb55bc4cebd2d86ee88cb825bdf00368298af18ba46d7720f59b072f67154",
    "block_sharing_cart_moodle50_2025092900.zip": "b452a3efd610598471c5cc8099d06ce0b8e4236bc7ed03e3dd009f931d619aa6",
    "filter_filtercodes_moodle52_2026051100.zip": "8122f9912a05b1bdbe5ffad1867c032d04c537bff5e4d1800e7c21ae1b774d56",
    "mathjax.zip": "c92a98418986f5523fdb8b38ff6a272614982a19690a4e283d30fc87f15d0b2a"
}