{
    "moodle-5.2.2.tgz": "72be209e7c0f5341b87de0bc993b2430087fda2769d8c3cc2f32736d1513e88c",
    "mod_unilabel_moodle52_2025042300.zip": "3a8eb55bc4cebd2d86ee88cb825bdf00368298af18ba46d7720f59b072f67154",
    "block_sharing_cart_2026110601.zip": "252e5915e74bdd4f701472c69f9b61dc4d3059a0e8a72391cb9ba3acddff36ca",
    "filter_filtercodes_2026072200.zip": "d2f587e4c0d2b77a86a3e6e4e2e9d60a3c8307665f19ef929d3179ecbfeb4ba4",
    "mathjax.zip": "c92a98418986f5523fdb8b38ff6a272614982a19690a4e283d30fc87f15d0b2a"
}