{
    "moodle-5.1.1.tgz": "27c94522c3c3e3598e612632500bb5e4385de7c6fe268bd977c6f25705ca5ac1",
    "mod_unilabel_moodle51_2025042213.zip": "f18a3dd6230c18a2ce64f458fabead4326e424c77c15024d2bb401faed44f40e",
    "block_sharing_cart_moodle50_2025092900.zip": "b452a3efd610598471c5cc8099d06ce0b8e4236bc7ed03e3dd009f931d619aa6",
    "filter_filtercodes_moodle51_2025102700.zip": "993a9d5f01c0254d8bf287fca7625e6a182d25bdc541a08968cbf6211d950301",
    "mathjax.zip": "c92a98418986f5523fdb8b38ff6a272614982a19690a4e283d30fc87f15d0b2a"
}